
Microsoft Visual Studio Solution File, Format Version 12.00
# Visual Studio Version 16
VisualStudioVersion = 16.0.30320.27
MinimumVisualStudioVersion = 10.0.40219.1
Project("{FAE04EC0-301F-11D3-BF4B-00C04F79EFBC}") = "Todo.Android", "Todo\Todo.Android\Todo.Android.csproj", "{BAB9B787-261C-4445-8AED-2ACAA321F17A}"
EndProject
Project("{FAE04EC0-301F-11D3-BF4B-00C04F79EFBC}") = "Todo.iOS", "Todo\Todo.iOS\Todo.iOS.csproj", "{9F84843B-C22B-461F-85B1-8745CA8EC899}"
EndProject
Project("{FAE04EC0-301F-11D3-BF4B-00C04F79EFBC}") = "Todo", "Todo\Todo\Todo.csproj", "{EE0D4C78-7513-4564-A70D-C23E3218ED22}"
EndProject
Global
	GlobalSection(SolutionConfigurationPlatforms) = preSolution
		Debug|Any CPU = Debug|Any CPU
		Debug|iPhone = Debug|iPhone
		Debug|iPhoneSimulator = Debug|iPhoneSimulator
		Release|Any CPU = Release|Any CPU
		Release|iPhone = Release|iPhone
		Release|iPhoneSimulator = Release|iPhoneSimulator
	EndGlobalSection
	GlobalSection(ProjectConfigurationPlatforms) = postSolution
		{BAB9B787-261C-4445-8AED-2ACAA321F17A}.Debug|Any CPU.ActiveCfg = Debug|Any CPU
		{BAB9B787-261C-4445-8AED-2ACAA321F17A}.Debug|Any CPU.Build.0 = Debug|Any CPU
		{BAB9B787-261C-4445-8AED-2ACAA321F17A}.Debug|Any CPU.Deploy.0 = Debug|Any CPU
		{BAB9B787-261C-4445-8AED-2ACAA321F17A}.Debug|iPhone.ActiveCfg = Debug|Any CPU
		{BAB9B787-261C-4445-8AED-2ACAA321F17A}.Debug|iPhone.Build.0 = Debug|Any CPU
		{BAB9B787-261C-4445-8AED-2ACAA321F17A}.Debug|iPhone.Deploy.0 = Debug|Any CPU
		{BAB9B787-261C-4445-8AED-2ACAA321F17A}.Debug|iPhoneSimulator.ActiveCfg = Debug|Any CPU
		{BAB9B787-261C-4445-8AED-2ACAA321F17A}.Debug|iPhoneSimulator.Build.0 = Debug|Any CPU
		{BAB9B787-261C-4445-8AED-2ACAA321F17A}.Debug|iPhoneSimulator.Deploy.0 = Debug|Any CPU
		{BAB9B787-261C-4445-8AED-2ACAA321F17A}.Release|Any CPU.ActiveCfg = Release|Any CPU
		{BAB9B787-261C-4445-8AED-2ACAA321F17A}.Release|Any CPU.Build.0 = Release|Any CPU
		{BAB9B787-261C-4445-8AED-2ACAA321F17A}.Release|Any CPU.Deploy.0 = Release|Any CPU
		{BAB9B787-261C-4445-8AED-2ACAA321F17A}.Release|iPhone.ActiveCfg = Release|Any CPU
		{BAB9B787-261C-4445-8AED-2ACAA321F17A}.Release|iPhone.Build.0 = Release|Any CPU
		{BAB9B787-261C-4445-8AED-2ACAA321F17A}.Release|iPhone.Deploy.0 = Release|Any CPU
		{BAB9B787-261C-4445-8AED-2ACAA321F17A}.Release|iPhoneSimulator.ActiveCfg = Release|Any CPU
		{BAB9B787-261C-4445-8AED-2ACAA321F17A}.Release|iPhoneSimulator.Build.0 = Release|Any CPU
		{BAB9B787-261C-4445-8AED-2ACAA321F17A}.Release|iPhoneSimulator.Deploy.0 = Release|Any CPU
		{9F84843B-C22B-461F-85B1-8745CA8EC899}.Debug|Any CPU.ActiveCfg = Debug|iPhone
		{9F84843B-C22B-461F-85B1-8745CA8EC899}.Debug|Any CPU.Build.0 = Debug|iPhone
		{9F84843B-C22B-461F-85B1-8745CA8EC899}.Debug|Any CPU.Deploy.0 = Debug|iPhone
		{9F84843B-C22B-461F-85B1-8745CA8EC899}.Debug|iPhone.ActiveCfg = Debug|iPhone
		{9F84843B-C22B-461F-85B1-8745CA8EC899}.Debug|iPhone.Build.0 = Debug|iPhone
		{9F84843B-C22B-461F-85B1-8745CA8EC899}.Debug|iPhone.Deploy.0 = Debug|iPhone
		{9F84843B-C22B-461F-85B1-8745CA8EC899}.Debug|iPhoneSimulator.ActiveCfg = Debug|iPhoneSimulator
		{9F84843B-C22B-461F-85B1-8745CA8EC899}.Debug|iPhoneSimulator.Build.0 = Debug|iPhoneSimulator
		{9F84843B-C22B-461F-85B1-8745CA8EC899}.Debug|iPhoneSimulator.Deploy.0 = Debug|iPhoneSimulator
		{9F84843B-C22B-461F-85B1-8745CA8EC899}.Release|Any CPU.ActiveCfg = Release|iPhone
		{9F84843B-C22B-461F-85B1-8745CA8EC899}.Release|Any CPU.Build.0 = Release|iPhone
		{9F84843B-C22B-461F-85B1-8745CA8EC899}.Release|Any CPU.Deploy.0 = Release|iPhone
		{9F84843B-C22B-461F-85B1-8745CA8EC899}.Release|iPhone.ActiveCfg = Release|iPhone
		{9F84843B-C22B-461F-85B1-8745CA8EC899}.Release|iPhone.Build.0 = Release|iPhone
		{9F84843B-C22B-461F-85B1-8745CA8EC899}.Release|iPhone.Deploy.0 = Release|iPhone
		{9F84843B-C22B-461F-85B1-8745CA8EC899}.Release|iPhoneSimulator.ActiveCfg = Release|iPhoneSimulator
		{9F84843B-C22B-461F-85B1-8745CA8EC899}.Release|iPhoneSimulator.Build.0 = Release|iPhoneSimulator
		{9F84843B-C22B-461F-85B1-8745CA8EC899}.Release|iPhoneSimulator.Deploy.0 = Release|iPhoneSimulator
		{EE0D4C78-7513-4564-A70D-C23E3218ED22}.Debug|Any CPU.ActiveCfg = Debug|Any CPU
		{EE0D4C78-7513-4564-A70D-C23E3218ED22}.Debug|Any CPU.Build.0 = Debug|Any CPU
		{EE0D4C78-7513-4564-A70D-C23E3218ED22}.Debug|Any CPU.Deploy.0 = Debug|Any CPU
		{EE0D4C78-7513-4564-A70D-C23E3218ED22}.Debug|iPhone.ActiveCfg = Debug|Any CPU
		{EE0D4C78-7513-4564-A70D-C23E3218ED22}.Debug|iPhone.Build.0 = Debug|Any CPU
		{EE0D4C78-7513-4564-A70D-C23E3218ED22}.Debug|iPhone.Deploy.0 = Debug|Any CPU
		{EE0D4C78-7513-4564-A70D-C23E3218ED22}.Debug|iPhoneSimulator.ActiveCfg = Debug|Any CPU
		{EE0D4C78-7513-4564-A70D-C23E3218ED22}.Debug|iPhoneSimulator.Build.0 = Debug|Any CPU
		{EE0D4C78-7513-4564-A70D-C23E3218ED22}.Debug|iPhoneSimulator.Deploy.0 = Debug|Any CPU
		{EE0D4C78-7513-4564-A70D-C23E3218ED22}.Release|Any CPU.ActiveCfg = Release|Any CPU
		{EE0D4C78-7513-4564-A70D-C23E3218ED22}.Release|Any CPU.Build.0 = Release|Any CPU
		{EE0D4C78-7513-4564-A70D-C23E3218ED22}.Release|Any CPU.Deploy.0 = Release|Any CPU
		{EE0D4C78-7513-4564-A70D-C23E3218ED22}.Release|iPhone.ActiveCfg = Release|Any CPU
		{EE0D4C78-7513-4564-A70D-C23E3218ED22}.Release|iPhone.Build.0 = Release|Any CPU
		{EE0D4C78-7513-4564-A70D-C23E3218ED22}.Release|iPhone.Deploy.0 = Release|Any CPU
		{EE0D4C78-7513-4564-A70D-C23E3218ED22}.Release|iPhoneSimulator.ActiveCfg = Release|Any CPU
		{EE0D4C78-7513-4564-A70D-C23E3218ED22}.Release|iPhoneSimulator.Build.0 = Release|Any CPU
		{EE0D4C78-7513-4564-A70D-C23E3218ED22}.Release|iPhoneSimulator.Deploy.0 = Release|Any CPU
	EndGlobalSection
	GlobalSection(SolutionProperties) = preSolution
		HideSolutionNode = FALSE
	EndGlobalSection
	GlobalSection(ExtensibilityGlobals) = postSolution
		SolutionGuid = {7B32F6FF-DD5C-40FC-86E6-A6660FACDD65}
	EndGlobalSection
EndGlobal
